
Microsoft Visual Studio Solution File, Format Version 12.00
# Visual Studio Version 17
VisualStudioVersion = 17.10.35122.118
MinimumVisualStudioVersion = 10.0.40219.1
Project("{FAE04EC0-301F-11D3-BF4B-00C04F79EFBC}") = "HRM_Project", "HRM_Project\HRM_Project.csproj", "{C2BCBA23-A0FC-47E7-BEE1-EE2809A5FA0C}"
EndProject
Global
	GlobalSection(SolutionConfigurationPlatforms) = preSolution
		Debug|Any CPU = Debug|Any CPU
		Release|Any CPU = Release|Any CPU
	EndGlobalSection
	GlobalSection(ProjectConfigurationPlatforms) = postSolution
		{C2BCBA23-A0FC-47E7-BEE1-EE2809A5FA0C}.Debug|Any CPU.ActiveCfg = Debug|Any CPU
		{C2BCBA23-A0FC-47E7-BEE1-EE2809A5FA0C}.Debug|Any CPU.Build.0 = Debug|Any CPU
		{C2BCBA23-A0FC-47E7-BEE1-EE2809A5FA0C}.Release|Any CPU.ActiveCfg = Release|Any CPU
		{C2BCBA23-A0FC-47E7-BEE1-EE2809A5FA0C}.Release|Any CPU.Build.0 = Release|Any CPU
	EndGlobalSection
	GlobalSection(SolutionProperties) = preSolution
		HideSolutionNode = FALSE
	EndGlobalSection
	GlobalSection(ExtensibilityGlobals) = postSolution
		SolutionGuid = {F37CD7D9-D2F3-4DFC-AE44-690E3D288E0A}
	EndGlobalSection
EndGlobal
